
Microsoft Visual Studio Solution File, Format Version 12.00
# Visual Studio Version 16
VisualStudioVersion = 16.0.31624.102
MinimumVisualStudioVersion = 10.0.40219.1
Project("{8BC9CEB8-8B4A-11D0-8D11-00A0C91BC942}") = "pfc", "..\submodules\pfc\pfc.vcxproj", "{EBFFFB4E-261D-44D3-B89C-957B31A0BF9C}"
EndProject
Project("{8BC9CEB8-8B4A-11D0-8D11-00A0C91BC942}") = "foobar2000_SDK", "..\submodules\foobar2000\SDK\foobar2000_SDK.vcxproj", "{E8091321-D79D-4575-86EF-064EA1A4A20D}"
EndProject
Project("{2150E333-8FDC-42A3-9474-1A3956D46DE8}") = "submodules", "submodules", "{3F23C685-CB17-4474-A100-C18FAA04D90C}"
EndProject
Project("{8BC9CEB8-8B4A-11D0-8D11-00A0C91BC942}") = "foo_dotnet_component_host", "..\foo_dotnet_component_host\foo_dotnet_component_host.vcxproj", "{D44C2E87-896A-4F82-AF57-8FFB76D93287}"
EndProject
Project("{2150E333-8FDC-42A3-9474-1A3956D46DE8}") = "Solution Items", "Solution Items", "{EF8432DB-C427-4A6D-954C-9B31B2A4BFE4}"
	ProjectSection(SolutionItems) = preProject
		..\.editorconfig = ..\.editorconfig
	EndProjectSection
EndProject
Project("{9A19103F-16F7-4668-BE54-9A1E7A4F7556}") = "dotnet_component_interface", "..\dotnet_component_interface\dotnet_component_interface.csproj", "{18FFD467-1A00-4EEF-8229-A29809F8CA89}"
EndProject
Project("{9A19103F-16F7-4668-BE54-9A1E7A4F7556}") = "dotnet_test", "..\dotnet_test\dotnet_test.csproj", "{2F9C5AEA-9786-47D9-9700-169056B64DEC}"
EndProject
Global
	GlobalSection(SolutionConfigurationPlatforms) = preSolution
		Debug|Win32 = Debug|Win32
		Release|Win32 = Release|Win32
	EndGlobalSection
	GlobalSection(ProjectConfigurationPlatforms) = postSolution
		{EBFFFB4E-261D-44D3-B89C-957B31A0BF9C}.Debug|Win32.ActiveCfg = Debug|Win32
		{EBFFFB4E-261D-44D3-B89C-957B31A0BF9C}.Debug|Win32.Build.0 = Debug|Win32
		{EBFFFB4E-261D-44D3-B89C-957B31A0BF9C}.Release|Win32.ActiveCfg = Release|Win32
		{EBFFFB4E-261D-44D3-B89C-957B31A0BF9C}.Release|Win32.Build.0 = Release|Win32
		{E8091321-D79D-4575-86EF-064EA1A4A20D}.Debug|Win32.ActiveCfg = Debug|Win32
		{E8091321-D79D-4575-86EF-064EA1A4A20D}.Debug|Win32.Build.0 = Debug|Win32
		{E8091321-D79D-4575-86EF-064EA1A4A20D}.Release|Win32.ActiveCfg = Release|Win32
		{E8091321-D79D-4575-86EF-064EA1A4A20D}.Release|Win32.Build.0 = Release|Win32
		{D44C2E87-896A-4F82-AF57-8FFB76D93287}.Debug|Win32.ActiveCfg = Debug|Win32
		{D44C2E87-896A-4F82-AF57-8FFB76D93287}.Debug|Win32.Build.0 = Debug|Win32
		{D44C2E87-896A-4F82-AF57-8FFB76D93287}.Release|Win32.ActiveCfg = Release|Win32
		{D44C2E87-896A-4F82-AF57-8FFB76D93287}.Release|Win32.Build.0 = Release|Win32
		{18FFD467-1A00-4EEF-8229-A29809F8CA89}.Debug|Win32.ActiveCfg = Debug|Any CPU
		{18FFD467-1A00-4EEF-8229-A29809F8CA89}.Debug|Win32.Build.0 = Debug|Any CPU
		{18FFD467-1A00-4EEF-8229-A29809F8CA89}.Release|Win32.ActiveCfg = Release|Any CPU
		{18FFD467-1A00-4EEF-8229-A29809F8CA89}.Release|Win32.Build.0 = Release|Any CPU
		{2F9C5AEA-9786-47D9-9700-169056B64DEC}.Debug|Win32.ActiveCfg = Debug|Any CPU
		{2F9C5AEA-9786-47D9-9700-169056B64DEC}.Debug|Win32.Build.0 = Debug|Any CPU
		{2F9C5AEA-9786-47D9-9700-169056B64DEC}.Release|Win32.ActiveCfg = Release|Any CPU
		{2F9C5AEA-9786-47D9-9700-169056B64DEC}.Release|Win32.Build.0 = Release|Any CPU
	EndGlobalSection
	GlobalSection(SolutionProperties) = preSolution
		HideSolutionNode = FALSE
	EndGlobalSection
	GlobalSection(NestedProjects) = preSolution
		{EBFFFB4E-261D-44D3-B89C-957B31A0BF9C} = {3F23C685-CB17-4474-A100-C18FAA04D90C}
		{E8091321-D79D-4575-86EF-064EA1A4A20D} = {3F23C685-CB17-4474-A100-C18FAA04D90C}
	EndGlobalSection
	GlobalSection(ExtensibilityGlobals) = postSolution
		SolutionGuid = {9500DFB4-B9CD-479C-BFC0-A3828AC18AB9}
	EndGlobalSection
EndGlobal
